
Microsoft Visual Studio Solution File, Format Version 12.00
# Visual Studio 15
Project("{FAE04EC0-301F-11D3-BF4B-00C04F79EFBC}") = "testing_framework", "testing_framework\testing_framework.csproj", "{C0C2E6C4-EA40-43E9-900B-F96BB3177220}"
EndProject
Global
	GlobalSection(SolutionConfigurationPlatforms) = preSolution
		Debug|Any CPU = Debug|Any CPU
		Release|Any CPU = Release|Any CPU
	EndGlobalSection
	GlobalSection(ProjectConfigurationPlatforms) = postSolution
		{C0C2E6C4-EA40-43E9-900B-F96BB3177220}.Debug|Any CPU.ActiveCfg = Debug|Any CPU
		{C0C2E6C4-EA40-43E9-900B-F96BB3177220}.Debug|Any CPU.Build.0 = Debug|Any CPU
		{C0C2E6C4-EA40-43E9-900B-F96BB3177220}.Release|Any CPU.ActiveCfg = Release|Any CPU
		{C0C2E6C4-EA40-43E9-900B-F96BB3177220}.Release|Any CPU.Build.0 = Release|Any CPU
	EndGlobalSection
EndGlobal
